// !$*UTF8*$!
{
	archiveVersion = 1;
	classes = {
	};
	objectVersion = 48;
	objects = {

/* Begin PBXBuildFile section */
		E4506E6F1FB99A3300B6F9F3 /* DataManager.swift in Sources */ = {isa = PBXBuildFile; fileRef = E4506E501FB99A3300B6F9F3 /* DataManager.swift */; };
		E4506E701FB99A3300B6F9F3 /* LaunchScreen.storyboard in Resources */ = {isa = PBXBuildFile; fileRef = E4506E521FB99A3300B6F9F3 /* LaunchScreen.storyboard */; };
		E4506E711FB99A3300B6F9F3 /* Main.storyboard in Resources */ = {isa = PBXBuildFile; fileRef = E4506E531FB99A3300B6F9F3 /* Main.storyboard */; };
		E4506E721FB99A3300B6F9F3 /* WeatherData.swift in Sources */ = {isa = PBXBuildFile; fileRef = E4506E551FB99A3300B6F9F3 /* WeatherData.swift */; };
		E4506E731FB99A3300B6F9F3 /* WeatherDayData.swift in Sources */ = {isa = PBXBuildFile; fileRef = E4506E561FB99A3300B6F9F3 /* WeatherDayData.swift */; };
		E4506E741FB99A3300B6F9F3 /* Info.plist in Resources */ = {isa = PBXBuildFile; fileRef = E4506E581FB99A3300B6F9F3 /* Info.plist */; };
		E4506E751FB99A3300B6F9F3 /* Configuration.swift in Sources */ = {isa = PBXBuildFile; fileRef = E4506E5A1FB99A3300B6F9F3 /* Configuration.swift */; };
		E4506E761FB99A3300B6F9F3 /* Assets.xcassets in Resources */ = {isa = PBXBuildFile; fileRef = E4506E5C1FB99A3300B6F9F3 /* Assets.xcassets */; };
		E4506E771FB99A3300B6F9F3 /* Conversions.swift in Sources */ = {isa = PBXBuildFile; fileRef = E4506E5E1FB99A3300B6F9F3 /* Conversions.swift */; };
		E4506E781FB99A3300B6F9F3 /* UserDefaults.swift in Sources */ = {isa = PBXBuildFile; fileRef = E4506E5F1FB99A3300B6F9F3 /* UserDefaults.swift */; };
		E4506E791FB99A3300B6F9F3 /* JSONDecodable.swift in Sources */ = {isa = PBXBuildFile; fileRef = E4506E611FB99A3300B6F9F3 /* JSONDecodable.swift */; };
		E4506E7A1FB99A3300B6F9F3 /* RootViewController.swift in Sources */ = {isa = PBXBuildFile; fileRef = E4506E641FB99A3300B6F9F3 /* RootViewController.swift */; };
		E4506E7B1FB99A3300B6F9F3 /* SettingsViewController.swift in Sources */ = {isa = PBXBuildFile; fileRef = E4506E661FB99A3300B6F9F3 /* SettingsViewController.swift */; };
		E4506E7C1FB99A3300B6F9F3 /* SettingsTableViewCell.swift in Sources */ = {isa = PBXBuildFile; fileRef = E4506E681FB99A3300B6F9F3 /* SettingsTableViewCell.swift */; };
		E4506E7D1FB99A3300B6F9F3 /* DayViewController.swift in Sources */ = {isa = PBXBuildFile; fileRef = E4506E6A1FB99A3300B6F9F3 /* DayViewController.swift */; };
		E4506E7E1FB99A3300B6F9F3 /* WeatherDayTableViewCell.swift in Sources */ = {isa = PBXBuildFile; fileRef = E4506E6C1FB99A3300B6F9F3 /* WeatherDayTableViewCell.swift */; };
		E4506E7F1FB99A3300B6F9F3 /* WeatherViewController.swift in Sources */ = {isa = PBXBuildFile; fileRef = E4506E6D1FB99A3300B6F9F3 /* WeatherViewController.swift */; };
		E4506E801FB99A3300B6F9F3 /* WeekViewController.swift in Sources */ = {isa = PBXBuildFile; fileRef = E4506E6E1FB99A3300B6F9F3 /* WeekViewController.swift */; };
		E4506E831FB99C1700B6F9F3 /* DayViewViewModel.swift in Sources */ = {isa = PBXBuildFile; fileRef = E4506E821FB99C1700B6F9F3 /* DayViewViewModel.swift */; };
		E4DAEF711FBDD00F00311641 /* UIImage.swift in Sources */ = {isa = PBXBuildFile; fileRef = E4DAEF701FBDD00F00311641 /* UIImage.swift */; };
		E4DAEF731FBDDF4100311641 /* WeekViewViewModel.swift in Sources */ = {isa = PBXBuildFile; fileRef = E4DAEF721FBDDF4100311641 /* WeekViewViewModel.swift */; };
		E4F9440B1FB793F400938C5B /* AppDelegate.swift in Sources */ = {isa = PBXBuildFile; fileRef = E4F9440A1FB793F400938C5B /* AppDelegate.swift */; };
		E4F944101FB793F400938C5B /* Main.storyboard in Resources */ = {isa = PBXBuildFile; fileRef = E4F9440E1FB793F400938C5B /* Main.storyboard */; };
		E4F944121FB793F400938C5B /* Assets.xcassets in Resources */ = {isa = PBXBuildFile; fileRef = E4F944111FB793F400938C5B /* Assets.xcassets */; };
		E4F944151FB793F400938C5B /* LaunchScreen.storyboard in Resources */ = {isa = PBXBuildFile; fileRef = E4F944131FB793F400938C5B /* LaunchScreen.storyboard */; };
		E4F944201FB793F400938C5B /* WeatherAroundMeTests.swift in Sources */ = {isa = PBXBuildFile; fileRef = E4F9441F1FB793F400938C5B /* WeatherAroundMeTests.swift */; };
		E4F9442B1FB793F400938C5B /* WeatherAroundMeUITests.swift in Sources */ = {isa = PBXBuildFile; fileRef = E4F9442A1FB793F400938C5B /* WeatherAroundMeUITests.swift */; };
/* End PBXBuildFile section */

/* Begin PBXContainerItemProxy section */
		E4F9441C1FB793F400938C5B /* PBXContainerItemProxy */ = {
			isa = PBXContainerItemProxy;
			containerPortal = E4F943FF1FB793F400938C5B /* Project object */;
			proxyType = 1;
			remoteGlobalIDString = E4F944061FB793F400938C5B;
			remoteInfo = WeatherAroundMe;
		};
		E4F944271FB793F400938C5B /* PBXContainerItemProxy */ = {
			isa = PBXContainerItemProxy;
			containerPortal = E4F943FF1FB793F400938C5B /* Project object */;
			proxyType = 1;
			remoteGlobalIDString = E4F944061FB793F400938C5B;
			remoteInfo = WeatherAroundMe;
		};
/* End PBXContainerItemProxy section */

/* Begin PBXFileReference section */
		E4506E501FB99A3300B6F9F3 /* DataManager.swift */ = {isa = PBXFileReference; fileEncoding = 4; lastKnownFileType = sourcecode.swift; path = DataManager.swift; sourceTree = "<group>"; };
		E4506E521FB99A3300B6F9F3 /* LaunchScreen.storyboard */ = {isa = PBXFileReference; fileEncoding = 4; lastKnownFileType = file.storyboard; path = LaunchScreen.storyboard; sourceTree = "<group>"; };
		E4506E531FB99A3300B6F9F3 /* Main.storyboard */ = {isa = PBXFileReference; fileEncoding = 4; lastKnownFileType = file.storyboard; path = Main.storyboard; sourceTree = "<group>"; };
		E4506E551FB99A3300B6F9F3 /* WeatherData.swift */ = {isa = PBXFileReference; fileEncoding = 4; lastKnownFileType = sourcecode.swift; path = WeatherData.swift; sourceTree = "<group>"; };
		E4506E561FB99A3300B6F9F3 /* WeatherDayData.swift */ = {isa = PBXFileReference; fileEncoding = 4; lastKnownFileType = sourcecode.swift; path = WeatherDayData.swift; sourceTree = "<group>"; };
		E4506E581FB99A3300B6F9F3 /* Info.plist */ = {isa = PBXFileReference; fileEncoding = 4; lastKnownFileType = text.plist.xml; path = Info.plist; sourceTree = "<group>"; };
		E4506E5A1FB99A3300B6F9F3 /* Configuration.swift */ = {isa = PBXFileReference; fileEncoding = 4; lastKnownFileType = sourcecode.swift; path = Configuration.swift; sourceTree = "<group>"; };
		E4506E5C1FB99A3300B6F9F3 /* Assets.xcassets */ = {isa = PBXFileReference; lastKnownFileType = folder.assetcatalog; path = Assets.xcassets; sourceTree = "<group>"; };
		E4506E5E1FB99A3300B6F9F3 /* Conversions.swift */ = {isa = PBXFileReference; fileEncoding = 4; lastKnownFileType = sourcecode.swift; path = Conversions.swift; sourceTree = "<group>"; };
		E4506E5F1FB99A3300B6F9F3 /* UserDefaults.swift */ = {isa = PBXFileReference; fileEncoding = 4; lastKnownFileType = sourcecode.swift; path = UserDefaults.swift; sourceTree = "<group>"; };
		E4506E611FB99A3300B6F9F3 /* JSONDecodable.swift */ = {isa = PBXFileReference; fileEncoding = 4; lastKnownFileType = sourcecode.swift; path = JSONDecodable.swift; sourceTree = "<group>"; };
		E4506E641FB99A3300B6F9F3 /* RootViewController.swift */ = {isa = PBXFileReference; fileEncoding = 4; lastKnownFileType = sourcecode.swift; path = RootViewController.swift; sourceTree = "<group>"; };
		E4506E661FB99A3300B6F9F3 /* SettingsViewController.swift */ = {isa = PBXFileReference; fileEncoding = 4; lastKnownFileType = sourcecode.swift; path = SettingsViewController.swift; sourceTree = "<group>"; };
		E4506E681FB99A3300B6F9F3 /* SettingsTableViewCell.swift */ = {isa = PBXFileReference; fileEncoding = 4; lastKnownFileType = sourcecode.swift; path = SettingsTableViewCell.swift; sourceTree = "<group>"; };
		E4506E6A1FB99A3300B6F9F3 /* DayViewController.swift */ = {isa = PBXFileReference; fileEncoding = 4; lastKnownFileType = sourcecode.swift; path = DayViewController.swift; sourceTree = "<group>"; };
		E4506E6C1FB99A3300B6F9F3 /* WeatherDayTableViewCell.swift */ = {isa = PBXFileReference; fileEncoding = 4; lastKnownFileType = sourcecode.swift; path = WeatherDayTableViewCell.swift; sourceTree = "<group>"; };
		E4506E6D1FB99A3300B6F9F3 /* WeatherViewController.swift */ = {isa = PBXFileReference; fileEncoding = 4; lastKnownFileType = sourcecode.swift; path = WeatherViewController.swift; sourceTree = "<group>"; };
		E4506E6E1FB99A3300B6F9F3 /* WeekViewController.swift */ = {isa = PBXFileReference; fileEncoding = 4; lastKnownFileType = sourcecode.swift; path = WeekViewController.swift; sourceTree = "<group>"; };
		E4506E821FB99C1700B6F9F3 /* DayViewViewModel.swift */ = {isa = PBXFileReference; lastKnownFileType = sourcecode.swift; path = DayViewViewModel.swift; sourceTree = "<group>"; };
		E4DAEF701FBDD00F00311641 /* UIImage.swift */ = {isa = PBXFileReference; lastKnownFileType = sourcecode.swift; path = UIImage.swift; sourceTree = "<group>"; };
		E4DAEF721FBDDF4100311641 /* WeekViewViewModel.swift */ = {isa = PBXFileReference; lastKnownFileType = sourcecode.swift; path = WeekViewViewModel.swift; sourceTree = "<group>"; };
		E4F944071FB793F400938C5B /* WeatherAroundMe.app */ = {isa = PBXFileReference; explicitFileType = wrapper.application; includeInIndex = 0; path = WeatherAroundMe.app; sourceTree = BUILT_PRODUCTS_DIR; };
		E4F9440A1FB793F400938C5B /* AppDelegate.swift */ = {isa = PBXFileReference; lastKnownFileType = sourcecode.swift; path = AppDelegate.swift; sourceTree = "<group>"; };
		E4F9440F1FB793F400938C5B /* Base */ = {isa = PBXFileReference; lastKnownFileType = file.storyboard; name = Base; path = Base.lproj/Main.storyboard; sourceTree = "<group>"; };
		E4F944111FB793F400938C5B /* Assets.xcassets */ = {isa = PBXFileReference; lastKnownFileType = folder.assetcatalog; path = Assets.xcassets; sourceTree = "<group>"; };
		E4F944141FB793F400938C5B /* Base */ = {isa = PBXFileReference; lastKnownFileType = file.storyboard; name = Base; path = Base.lproj/LaunchScreen.storyboard; sourceTree = "<group>"; };
		E4F944161FB793F400938C5B /* Info.plist */ = {isa = PBXFileReference; lastKnownFileType = text.plist.xml; path = Info.plist; sourceTree = "<group>"; };
		E4F9441B1FB793F400938C5B /* WeatherAroundMeTests.xctest */ = {isa = PBXFileReference; explicitFileType = wrapper.cfbundle; includeInIndex = 0; path = WeatherAroundMeTests.xctest; sourceTree = BUILT_PRODUCTS_DIR; };
		E4F9441F1FB793F400938C5B /* WeatherAroundMeTests.swift */ = {isa = PBXFileReference; lastKnownFileType = sourcecode.swift; path = WeatherAroundMeTests.swift; sourceTree = "<group>"; };
		E4F944211FB793F400938C5B /* Info.plist */ = {isa = PBXFileReference; lastKnownFileType = text.plist.xml; path = Info.plist; sourceTree = "<group>"; };
		E4F944261FB793F400938C5B /* WeatherAroundMeUITests.xctest */ = {isa = PBXFileReference; explicitFileType = wrapper.cfbundle; includeInIndex = 0; path = WeatherAroundMeUITests.xctest; sourceTree = BUILT_PRODUCTS_DIR; };
		E4F9442A1FB793F400938C5B /* WeatherAroundMeUITests.swift */ = {isa = PBXFileReference; lastKnownFileType = sourcecode.swift; path = WeatherAroundMeUITests.swift; sourceTree = "<group>"; };
		E4F9442C1FB793F400938C5B /* Info.plist */ = {isa = PBXFileReference; lastKnownFileType = text.plist.xml; path = Info.plist; sourceTree = "<group>"; };
/* End PBXFileReference section */

/* Begin PBXFrameworksBuildPhase section */
		E4F944041FB793F400938C5B /* Frameworks */ = {
			isa = PBXFrameworksBuildPhase;
			buildActionMask = 2147483647;
			files = (
			);
			runOnlyForDeploymentPostprocessing = 0;
		};
		E4F944181FB793F400938C5B /* Frameworks */ = {
			isa = PBXFrameworksBuildPhase;
			buildActionMask = 2147483647;
			files = (
			);
			runOnlyForDeploymentPostprocessing = 0;
		};
		E4F944231FB793F400938C5B /* Frameworks */ = {
			isa = PBXFrameworksBuildPhase;
			buildActionMask = 2147483647;
			files = (
			);
			runOnlyForDeploymentPostprocessing = 0;
		};
/* End PBXFrameworksBuildPhase section */

/* Begin PBXGroup section */
		E4506E4F1FB99A3300B6F9F3 /* Managers */ = {
			isa = PBXGroup;
			children = (
				E4506E501FB99A3300B6F9F3 /* DataManager.swift */,
			);
			path = Managers;
			sourceTree = "<group>";
		};
		E4506E511FB99A3300B6F9F3 /* Storyboards */ = {
			isa = PBXGroup;
			children = (
				E4506E521FB99A3300B6F9F3 /* LaunchScreen.storyboard */,
				E4506E531FB99A3300B6F9F3 /* Main.storyboard */,
			);
			path = Storyboards;
			sourceTree = "<group>";
		};
		E4506E541FB99A3300B6F9F3 /* Models */ = {
			isa = PBXGroup;
			children = (
				E4506E551FB99A3300B6F9F3 /* WeatherData.swift */,
				E4506E561FB99A3300B6F9F3 /* WeatherDayData.swift */,
			);
			path = Models;
			sourceTree = "<group>";
		};
		E4506E571FB99A3300B6F9F3 /* Supporting Files */ = {
			isa = PBXGroup;
			children = (
				E4506E581FB99A3300B6F9F3 /* Info.plist */,
			);
			path = "Supporting Files";
			sourceTree = "<group>";
		};
		E4506E591FB99A3300B6F9F3 /* Configuration */ = {
			isa = PBXGroup;
			children = (
				E4506E5A1FB99A3300B6F9F3 /* Configuration.swift */,
			);
			path = Configuration;
			sourceTree = "<group>";
		};
		E4506E5B1FB99A3300B6F9F3 /* Resources */ = {
			isa = PBXGroup;
			children = (
				E4506E5C1FB99A3300B6F9F3 /* Assets.xcassets */,
			);
			path = Resources;
			sourceTree = "<group>";
		};
		E4506E5D1FB99A3300B6F9F3 /* Extensions */ = {
			isa = PBXGroup;
			children = (
				E4506E5E1FB99A3300B6F9F3 /* Conversions.swift */,
				E4506E5F1FB99A3300B6F9F3 /* UserDefaults.swift */,
				E4DAEF701FBDD00F00311641 /* UIImage.swift */,
			);
			path = Extensions;
			sourceTree = "<group>";
		};
		E4506E601FB99A3300B6F9F3 /* Protocols */ = {
			isa = PBXGroup;
			children = (
				E4506E611FB99A3300B6F9F3 /* JSONDecodable.swift */,
			);
			path = Protocols;
			sourceTree = "<group>";
		};
		E4506E621FB99A3300B6F9F3 /* View Controllers */ = {
			isa = PBXGroup;
			children = (
				E4506E631FB99A3300B6F9F3 /* Root View Controller */,
				E4506E651FB99A3300B6F9F3 /* SettingsViewController */,
				E4506E691FB99A3300B6F9F3 /* Weather View Controllers */,
			);
			path = "View Controllers";
			sourceTree = "<group>";
		};
		E4506E631FB99A3300B6F9F3 /* Root View Controller */ = {
			isa = PBXGroup;
			children = (
				E4506E641FB99A3300B6F9F3 /* RootViewController.swift */,
			);
			path = "Root View Controller";
			sourceTree = "<group>";
		};
		E4506E651FB99A3300B6F9F3 /* SettingsViewController */ = {
			isa = PBXGroup;
			children = (
				E4506E661FB99A3300B6F9F3 /* SettingsViewController.swift */,
				E4506E671FB99A3300B6F9F3 /* Table View Cells */,
			);
			path = SettingsViewController;
			sourceTree = "<group>";
		};
		E4506E671FB99A3300B6F9F3 /* Table View Cells */ = {
			isa = PBXGroup;
			children = (
				E4506E681FB99A3300B6F9F3 /* SettingsTableViewCell.swift */,
			);
			path = "Table View Cells";
			sourceTree = "<group>";
		};
		E4506E691FB99A3300B6F9F3 /* Weather View Controllers */ = {
			isa = PBXGroup;
			children = (
				E4506E811FB99BEA00B6F9F3 /* ViewModels */,
				E4506E6A1FB99A3300B6F9F3 /* DayViewController.swift */,
				E4506E6B1FB99A3300B6F9F3 /* Table View Cells */,
				E4506E6D1FB99A3300B6F9F3 /* WeatherViewController.swift */,
				E4506E6E1FB99A3300B6F9F3 /* WeekViewController.swift */,
			);
			path = "Weather View Controllers";
			sourceTree = "<group>";
		};
		E4506E6B1FB99A3300B6F9F3 /* Table View Cells */ = {
			isa = PBXGroup;
			children = (
				E4506E6C1FB99A3300B6F9F3 /* WeatherDayTableViewCell.swift */,
			);
			path = "Table View Cells";
			sourceTree = "<group>";
		};
		E4506E811FB99BEA00B6F9F3 /* ViewModels */ = {
			isa = PBXGroup;
			children = (
				E4506E821FB99C1700B6F9F3 /* DayViewViewModel.swift */,
				E4DAEF721FBDDF4100311641 /* WeekViewViewModel.swift */,
			);
			path = ViewModels;
			sourceTree = "<group>";
		};
		E4F943FE1FB793F400938C5B = {
			isa = PBXGroup;
			children = (
				E4F944091FB793F400938C5B /* WeatherAroundMe */,
				E4F9441E1FB793F400938C5B /* WeatherAroundMeTests */,
				E4F944291FB793F400938C5B /* WeatherAroundMeUITests */,
				E4F944081FB793F400938C5B /* Products */,
			);
			sourceTree = "<group>";
		};
		E4F944081FB793F400938C5B /* Products */ = {
			isa = PBXGroup;
			children = (
				E4F944071FB793F400938C5B /* WeatherAroundMe.app */,
				E4F9441B1FB793F400938C5B /* WeatherAroundMeTests.xctest */,
				E4F944261FB793F400938C5B /* WeatherAroundMeUITests.xctest */,
			);
			name = Products;
			sourceTree = "<group>";
		};
		E4F944091FB793F400938C5B /* WeatherAroundMe */ = {
			isa = PBXGroup;
			children = (
				E4506E591FB99A3300B6F9F3 /* Configuration */,
				E4506E5D1FB99A3300B6F9F3 /* Extensions */,
				E4506E4F1FB99A3300B6F9F3 /* Managers */,
				E4506E541FB99A3300B6F9F3 /* Models */,
				E4506E601FB99A3300B6F9F3 /* Protocols */,
				E4506E5B1FB99A3300B6F9F3 /* Resources */,
				E4506E511FB99A3300B6F9F3 /* Storyboards */,
				E4506E571FB99A3300B6F9F3 /* Supporting Files */,
				E4506E621FB99A3300B6F9F3 /* View Controllers */,
				E4F9440A1FB793F400938C5B /* AppDelegate.swift */,
				E4F9440E1FB793F400938C5B /* Main.storyboard */,
				E4F944111FB793F400938C5B /* Assets.xcassets */,
				E4F944131FB793F400938C5B /* LaunchScreen.storyboard */,
				E4F944161FB793F400938C5B /* Info.plist */,
			);
			path = WeatherAroundMe;
			sourceTree = "<group>";
		};
		E4F9441E1FB793F400938C5B /* WeatherAroundMeTests */ = {
			isa = PBXGroup;
			children = (
				E4F9441F1FB793F400938C5B /* WeatherAroundMeTests.swift */,
				E4F944211FB793F400938C5B /* Info.plist */,
			);
			path = WeatherAroundMeTests;
			sourceTree = "<group>";
		};
		E4F944291FB793F400938C5B /* WeatherAroundMeUITests */ = {
			isa = PBXGroup;
			children = (
				E4F9442A1FB793F400938C5B /* WeatherAroundMeUITests.swift */,
				E4F9442C1FB793F400938C5B /* Info.plist */,
			);
			path = WeatherAroundMeUITests;
			sourceTree = "<group>";
		};
/* End PBXGroup section */

/* Begin PBXNativeTarget section */
		E4F944061FB793F400938C5B /* WeatherAroundMe */ = {
			isa = PBXNativeTarget;
			buildConfigurationList = E4F9442F1FB793F500938C5B /* Build configuration list for PBXNativeTarget "WeatherAroundMe" */;
			buildPhases = (
				E4F944031FB793F400938C5B /* Sources */,
				E4F944041FB793F400938C5B /* Frameworks */,
				E4F944051FB793F400938C5B /* Resources */,
			);
			buildRules = (
			);
			dependencies = (
			);
			name = WeatherAroundMe;
			productName = WeatherAroundMe;
			productReference = E4F944071FB793F400938C5B /* WeatherAroundMe.app */;
			productType = "com.apple.product-type.application";
		};
		E4F9441A1FB793F400938C5B /* WeatherAroundMeTests */ = {
			isa = PBXNativeTarget;
			buildConfigurationList = E4F944321FB793F500938C5B /* Build configuration list for PBXNativeTarget "WeatherAroundMeTests" */;
			buildPhases = (
				E4F944171FB793F400938C5B /* Sources */,
				E4F944181FB793F400938C5B /* Frameworks */,
				E4F944191FB793F400938C5B /* Resources */,
			);
			buildRules = (
			);
			dependencies = (
				E4F9441D1FB793F400938C5B /* PBXTargetDependency */,
			);
			name = WeatherAroundMeTests;
			productName = WeatherAroundMeTests;
			productReference = E4F9441B1FB793F400938C5B /* WeatherAroundMeTests.xctest */;
			productType = "com.apple.product-type.bundle.unit-test";
		};
		E4F944251FB793F400938C5B /* WeatherAroundMeUITests */ = {
			isa = PBXNativeTarget;
			buildConfigurationList = E4F944351FB793F500938C5B /* Build configuration list for PBXNativeTarget "WeatherAroundMeUITests" */;
			buildPhases = (
				E4F944221FB793F400938C5B /* Sources */,
				E4F944231FB793F400938C5B /* Frameworks */,
				E4F944241FB793F400938C5B /* Resources */,
			);
			buildRules = (
			);
			dependencies = (
				E4F944281FB793F400938C5B /* PBXTargetDependency */,
			);
			name = WeatherAroundMeUITests;
			productName = WeatherAroundMeUITests;
			productReference = E4F944261FB793F400938C5B /* WeatherAroundMeUITests.xctest */;
			productType = "com.apple.product-type.bundle.ui-testing";
		};
/* End PBXNativeTarget section */

/* Begin PBXProject section */
		E4F943FF1FB793F400938C5B /* Project object */ = {
			isa = PBXProject;
			attributes = {
				LastSwiftUpdateCheck = 0900;
				LastUpgradeCheck = 0900;
				ORGANIZATIONNAME = "Stanislav Redreiev";
				TargetAttributes = {
					E4F944061FB793F400938C5B = {
						CreatedOnToolsVersion = 9.0.1;
						ProvisioningStyle = Automatic;
					};
					E4F9441A1FB793F400938C5B = {
						CreatedOnToolsVersion = 9.0.1;
						ProvisioningStyle = Automatic;
					};
					E4F944251FB793F400938C5B = {
						CreatedOnToolsVersion = 9.0.1;
						ProvisioningStyle = Automatic;
						TestTargetID = E4F944061FB793F400938C5B;
					};
				};
			};
			buildConfigurationList = E4F944021FB793F400938C5B /* Build configuration list for PBXProject "WeatherAroundMe" */;
			compatibilityVersion = "Xcode 8.0";
			developmentRegion = en;
			hasScannedForEncodings = 0;
			knownRegions = (
				en,
				Base,
			);
			mainGroup = E4F943FE1FB793F400938C5B;
			productRefGroup = E4F944081FB793F400938C5B /* Products */;
			projectDirPath = "";
			projectRoot = "";
			targets = (
				E4F944061FB793F400938C5B /* WeatherAroundMe */,
				E4F9441A1FB793F400938C5B /* WeatherAroundMeTests */,
				E4F944251FB793F400938C5B /* WeatherAroundMeUITests */,
			);
		};
/* End PBXProject section */

/* Begin PBXResourcesBuildPhase section */
		E4F944051FB793F400938C5B /* Resources */ = {
			isa = PBXResourcesBuildPhase;
			buildActionMask = 2147483647;
			files = (
				E4F944151FB793F400938C5B /* LaunchScreen.storyboard in Resources */,
				E4506E711FB99A3300B6F9F3 /* Main.storyboard in Resources */,
				E4506E741FB99A3300B6F9F3 /* Info.plist in Resources */,
				E4506E701FB99A3300B6F9F3 /* LaunchScreen.storyboard in Resources */,
				E4506E761FB99A3300B6F9F3 /* Assets.xcassets in Resources */,
				E4F944121FB793F400938C5B /* Assets.xcassets in Resources */,
				E4F944101FB793F400938C5B /* Main.storyboard in Resources */,
			);
			runOnlyForDeploymentPostprocessing = 0;
		};
		E4F944191FB793F400938C5B /* Resources */ = {
			isa = PBXResourcesBuildPhase;
			buildActionMask = 2147483647;
			files = (
			);
			runOnlyForDeploymentPostprocessing = 0;
		};
		E4F944241FB793F400938C5B /* Resources */ = {
			isa = PBXResourcesBuildPhase;
			buildActionMask = 2147483647;
			files = (
			);
			runOnlyForDeploymentPostprocessing = 0;
		};
/* End PBXResourcesBuildPhase section */

/* Begin PBXSourcesBuildPhase section */
		E4F944031FB793F400938C5B /* Sources */ = {
			isa = PBXSourcesBuildPhase;
			buildActionMask = 2147483647;
			files = (
				E4506E801FB99A3300B6F9F3 /* WeekViewController.swift in Sources */,
				E4F9440B1FB793F400938C5B /* AppDelegate.swift in Sources */,
				E4506E751FB99A3300B6F9F3 /* Configuration.swift in Sources */,
				E4506E7A1FB99A3300B6F9F3 /* RootViewController.swift in Sources */,
				E4506E7B1FB99A3300B6F9F3 /* SettingsViewController.swift in Sources */,
				E4DAEF731FBDDF4100311641 /* WeekViewViewModel.swift in Sources */,
				E4506E721FB99A3300B6F9F3 /* WeatherData.swift in Sources */,
				E4DAEF711FBDD00F00311641 /* UIImage.swift in Sources */,
				E4506E831FB99C1700B6F9F3 /* DayViewViewModel.swift in Sources */,
				E4506E791FB99A3300B6F9F3 /* JSONDecodable.swift in Sources */,
				E4506E7C1FB99A3300B6F9F3 /* SettingsTableViewCell.swift in Sources */,
				E4506E771FB99A3300B6F9F3 /* Conversions.swift in Sources */,
				E4506E6F1FB99A3300B6F9F3 /* DataManager.swift in Sources */,
				E4506E781FB99A3300B6F9F3 /* UserDefaults.swift in Sources */,
				E4506E731FB99A3300B6F9F3 /* WeatherDayData.swift in Sources */,
				E4506E7F1FB99A3300B6F9F3 /* WeatherViewController.swift in Sources */,
				E4506E7D1FB99A3300B6F9F3 /* DayViewController.swift in Sources */,
				E4506E7E1FB99A3300B6F9F3 /* WeatherDayTableViewCell.swift in Sources */,
			);
			runOnlyForDeploymentPostprocessing = 0;
		};
		E4F944171FB793F400938C5B /* Sources */ = {
			isa = PBXSourcesBuildPhase;
			buildActionMask = 2147483647;
			files = (
				E4F944201FB793F400938C5B /* WeatherAroundMeTests.swift in Sources */,
			);
			runOnlyForDeploymentPostprocessing = 0;
		};
		E4F944221FB793F400938C5B /* Sources */ = {
			isa = PBXSourcesBuildPhase;
			buildActionMask = 2147483647;
			files = (
				E4F9442B1FB793F400938C5B /* WeatherAroundMeUITests.swift in Sources */,
			);
			runOnlyForDeploymentPostprocessing = 0;
		};
/* End PBXSourcesBuildPhase section */

/* Begin PBXTargetDependency section */
		E4F9441D1FB793F400938C5B /* PBXTargetDependency */ = {
			isa = PBXTargetDependency;
			target = E4F944061FB793F400938C5B /* WeatherAroundMe */;
			targetProxy = E4F9441C1FB793F400938C5B /* PBXContainerItemProxy */;
		};
		E4F944281FB793F400938C5B /* PBXTargetDependency */ = {
			isa = PBXTargetDependency;
			target = E4F944061FB793F400938C5B /* WeatherAroundMe */;
			targetProxy = E4F944271FB793F400938C5B /* PBXContainerItemProxy */;
		};
/* End PBXTargetDependency section */

/* Begin PBXVariantGroup section */
		E4F9440E1FB793F400938C5B /* Main.storyboard */ = {
			isa = PBXVariantGroup;
			children = (
				E4F9440F1FB793F400938C5B /* Base */,
			);
			name = Main.storyboard;
			sourceTree = "<group>";
		};
		E4F944131FB793F400938C5B /* LaunchScreen.storyboard */ = {
			isa = PBXVariantGroup;
			children = (
				E4F944141FB793F400938C5B /* Base */,
			);
			name = LaunchScreen.storyboard;
			sourceTree = "<group>";
		};
/* End PBXVariantGroup section */

/* Begin XCBuildConfiguration section */
		E4F9442D1FB793F500938C5B /* Debug */ = {
			isa = XCBuildConfiguration;
			buildSettings = {
				ALWAYS_SEARCH_USER_PATHS = NO;
				CLANG_ANALYZER_NONNULL = YES;
				CLANG_ANALYZER_NUMBER_OBJECT_CONVERSION = YES_AGGRESSIVE;
				CLANG_CXX_LANGUAGE_STANDARD = "gnu++14";
				CLANG_CXX_LIBRARY = "libc++";
				CLANG_ENABLE_MODULES = YES;
				CLANG_ENABLE_OBJC_ARC = YES;
				CLANG_WARN_BLOCK_CAPTURE_AUTORELEASING = YES;
				CLANG_WARN_BOOL_CONVERSION = YES;
				CLANG_WARN_COMMA = YES;
				CLANG_WARN_CONSTANT_CONVERSION = YES;
				CLANG_WARN_DIRECT_OBJC_ISA_USAGE = YES_ERROR;
				CLANG_WARN_DOCUMENTATION_COMMENTS = YES;
				CLANG_WARN_EMPTY_BODY = YES;
				CLANG_WARN_ENUM_CONVERSION = YES;
				CLANG_WARN_INFINITE_RECURSION = YES;
				CLANG_WARN_INT_CONVERSION = YES;
				CLANG_WARN_NON_LITERAL_NULL_CONVERSION = YES;
				CLANG_WARN_OBJC_LITERAL_CONVERSION = YES;
				CLANG_WARN_OBJC_ROOT_CLASS = YES_ERROR;
				CLANG_WARN_RANGE_LOOP_ANALYSIS = YES;
				CLANG_WARN_STRICT_PROTOTYPES = YES;
				CLANG_WARN_SUSPICIOUS_MOVE = YES;
				CLANG_WARN_UNGUARDED_AVAILABILITY = YES_AGGRESSIVE;
				CLANG_WARN_UNREACHABLE_CODE = YES;
				CLANG_WARN__DUPLICATE_METHOD_MATCH = YES;
				CODE_SIGN_IDENTITY = "iPhone Developer";
				COPY_PHASE_STRIP = NO;
				DEBUG_INFORMATION_FORMAT = dwarf;
				ENABLE_STRICT_OBJC_MSGSEND = YES;
				ENABLE_TESTABILITY = YES;
				GCC_C_LANGUAGE_STANDARD = gnu11;
				GCC_DYNAMIC_NO_PIC = NO;
				GCC_NO_COMMON_BLOCKS = YES;
				GCC_OPTIMIZATION_LEVEL = 0;
				GCC_PREPROCESSOR_DEFINITIONS = (
					"DEBUG=1",
					"$(inherited)",
				);
				GCC_WARN_64_TO_32_BIT_CONVERSION = YES;
				GCC_WARN_ABOUT_RETURN_TYPE = YES_ERROR;
				GCC_WARN_UNDECLARED_SELECTOR = YES;
				GCC_WARN_UNINITIALIZED_AUTOS = YES_AGGRESSIVE;
				GCC_WARN_UNUSED_FUNCTION = YES;
				GCC_WARN_UNUSED_VARIABLE = YES;
				IPHONEOS_DEPLOYMENT_TARGET = 11.0;
				MTL_ENABLE_DEBUG_INFO = YES;
				ONLY_ACTIVE_ARCH = YES;
				SDKROOT = iphoneos;
				SWIFT_ACTIVE_COMPILATION_CONDITIONS = DEBUG;
				SWIFT_OPTIMIZATION_LEVEL = "-Onone";
			};
			name = Debug;
		};
		E4F9442E1FB793F500938C5B /* Release */ = {
			isa = XCBuildConfiguration;
			buildSettings = {
				ALWAYS_SEARCH_USER_PATHS = NO;
				CLANG_ANALYZER_NONNULL = YES;
				CLANG_ANALYZER_NUMBER_OBJECT_CONVERSION = YES_AGGRESSIVE;
				CLANG_CXX_LANGUAGE_STANDARD = "gnu++14";
				CLANG_CXX_LIBRARY = "libc++";
				CLANG_ENABLE_MODULES = YES;
				CLANG_ENABLE_OBJC_ARC = YES;
				CLANG_WARN_BLOCK_CAPTURE_AUTORELEASING = YES;
				CLANG_WARN_BOOL_CONVERSION = YES;
				CLANG_WARN_COMMA = YES;
				CLANG_WARN_CONSTANT_CONVERSION = YES;
				CLANG_WARN_DIRECT_OBJC_ISA_USAGE = YES_ERROR;
				CLANG_WARN_DOCUMENTATION_COMMENTS = YES;
				CLANG_WARN_EMPTY_BODY = YES;
				CLANG_WARN_ENUM_CONVERSION = YES;
				CLANG_WARN_INFINITE_RECURSION = YES;
				CLANG_WARN_INT_CONVERSION = YES;
				CLANG_WARN_NON_LITERAL_NULL_CONVERSION = YES;
				CLANG_WARN_OBJC_LITERAL_CONVERSION = YES;
				CLANG_WARN_OBJC_ROOT_CLASS = YES_ERROR;
				CLANG_WARN_RANGE_LOOP_ANALYSIS = YES;
				CLANG_WARN_STRICT_PROTOTYPES = YES;
				CLANG_WARN_SUSPICIOUS_MOVE = YES;
				CLANG_WARN_UNGUARDED_AVAILABILITY = YES_AGGRESSIVE;
				CLANG_WARN_UNREACHABLE_CODE = YES;
				CLANG_WARN__DUPLICATE_METHOD_MATCH = YES;
				CODE_SIGN_IDENTITY = "iPhone Developer";
				COPY_PHASE_STRIP = NO;
				DEBUG_INFORMATION_FORMAT = "dwarf-with-dsym";
				ENABLE_NS_ASSERTIONS = NO;
				ENABLE_STRICT_OBJC_MSGSEND = YES;
				GCC_C_LANGUAGE_STANDARD = gnu11;
				GCC_NO_COMMON_BLOCKS = YES;
				GCC_WARN_64_TO_32_BIT_CONVERSION = YES;
				GCC_WARN_ABOUT_RETURN_TYPE = YES_ERROR;
				GCC_WARN_UNDECLARED_SELECTOR = YES;
				GCC_WARN_UNINITIALIZED_AUTOS = YES_AGGRESSIVE;
				GCC_WARN_UNUSED_FUNCTION = YES;
				GCC_WARN_UNUSED_VARIABLE = YES;
				IPHONEOS_DEPLOYMENT_TARGET = 11.0;
				MTL_ENABLE_DEBUG_INFO = NO;
				SDKROOT = iphoneos;
				SWIFT_OPTIMIZATION_LEVEL = "-Owholemodule";
				VALIDATE_PRODUCT = YES;
			};
			name = Release;
		};
		E4F944301FB793F500938C5B /* Debug */ = {
			isa = XCBuildConfiguration;
			buildSettings = {
				ASSETCATALOG_COMPILER_APPICON_NAME = "";
				CODE_SIGN_STYLE = Automatic;
				INFOPLIST_FILE = WeatherAroundMe/Info.plist;
				LD_RUNPATH_SEARCH_PATHS = "$(inherited) @executable_path/Frameworks";
				PRODUCT_BUNDLE_IDENTIFIER = stanislav.redreiev.WeatherAroundMe;
				PRODUCT_NAME = "$(TARGET_NAME)";
				SWIFT_VERSION = 4.0;
				TARGETED_DEVICE_FAMILY = "1,2";
			};
			name = Debug;
		};
		E4F944311FB793F500938C5B /* Release */ = {
			isa = XCBuildConfiguration;
			buildSettings = {
				ASSETCATALOG_COMPILER_APPICON_NAME = "";
				CODE_SIGN_STYLE = Automatic;
				INFOPLIST_FILE = WeatherAroundMe/Info.plist;
				LD_RUNPATH_SEARCH_PATHS = "$(inherited) @executable_path/Frameworks";
				PRODUCT_BUNDLE_IDENTIFIER = stanislav.redreiev.WeatherAroundMe;
				PRODUCT_NAME = "$(TARGET_NAME)";
				SWIFT_VERSION = 4.0;
				TARGETED_DEVICE_FAMILY = "1,2";
			};
			name = Release;
		};
		E4F944331FB793F500938C5B /* Debug */ = {
			isa = XCBuildConfiguration;
			buildSettings = {
				ALWAYS_EMBED_SWIFT_STANDARD_LIBRARIES = YES;
				CODE_SIGN_STYLE = Automatic;
				INFOPLIST_FILE = WeatherAroundMeTests/Info.plist;
				LD_RUNPATH_SEARCH_PATHS = "$(inherited) @executable_path/Frameworks @loader_path/Frameworks";
				PRODUCT_BUNDLE_IDENTIFIER = stanislav.redreiev.WeatherAroundMeTests;
				PRODUCT_NAME = "$(TARGET_NAME)";
				SWIFT_VERSION = 4.0;
				TARGETED_DEVICE_FAMILY = "1,2";
			};
			name = Debug;
		};
		E4F944341FB793F500938C5B /* Release */ = {
			isa = XCBuildConfiguration;
			buildSettings = {
				ALWAYS_EMBED_SWIFT_STANDARD_LIBRARIES = YES;
				CODE_SIGN_STYLE = Automatic;
				INFOPLIST_FILE = WeatherAroundMeTests/Info.plist;
				LD_RUNPATH_SEARCH_PATHS = "$(inherited) @executable_path/Frameworks @loader_path/Frameworks";
				PRODUCT_BUNDLE_IDENTIFIER = stanislav.redreiev.WeatherAroundMeTests;
				PRODUCT_NAME = "$(TARGET_NAME)";
				SWIFT_VERSION = 4.0;
				TARGETED_DEVICE_FAMILY = "1,2";
			};
			name = Release;
		};
		E4F944361FB793F500938C5B /* Debug */ = {
			isa = XCBuildConfiguration;
			buildSettings = {
				ALWAYS_EMBED_SWIFT_STANDARD_LIBRARIES = YES;
				CODE_SIGN_STYLE = Automatic;
				INFOPLIST_FILE = WeatherAroundMeUITests/Info.plist;
				LD_RUNPATH_SEARCH_PATHS = "$(inherited) @executable_path/Frameworks @loader_path/Frameworks";
				PRODUCT_BUNDLE_IDENTIFIER = stanislav.redreiev.WeatherAroundMeUITests;
				PRODUCT_NAME = "$(TARGET_NAME)";
				SWIFT_VERSION = 4.0;
				TARGETED_DEVICE_FAMILY = "1,2";
				TEST_TARGET_NAME = WeatherAroundMe;
			};
			name = Debug;
		};
		E4F944371FB793F500938C5B /* Release */ = {
			isa = XCBuildConfiguration;
			buildSettings = {
				ALWAYS_EMBED_SWIFT_STANDARD_LIBRARIES = YES;
				CODE_SIGN_STYLE = Automatic;
				INFOPLIST_FILE = WeatherAroundMeUITests/Info.plist;
				LD_RUNPATH_SEARCH_PATHS = "$(inherited) @executable_path/Frameworks @loader_path/Frameworks";
				PRODUCT_BUNDLE_IDENTIFIER = stanislav.redreiev.WeatherAroundMeUITests;
				PRODUCT_NAME = "$(TARGET_NAME)";
				SWIFT_VERSION = 4.0;
				TARGETED_DEVICE_FAMILY = "1,2";
				TEST_TARGET_NAME = WeatherAroundMe;
			};
			name = Release;
		};
/* End XCBuildConfiguration section */

/* Begin XCConfigurationList section */
		E4F944021FB793F400938C5B /* Build configuration list for PBXProject "WeatherAroundMe" */ = {
			isa = XCConfigurationList;
			buildConfigurations = (
				E4F9442D1FB793F500938C5B /* Debug */,
				E4F9442E1FB793F500938C5B /* Release */,
			);
			defaultConfigurationIsVisible = 0;
			defaultConfigurationName = Release;
		};
		E4F9442F1FB793F500938C5B /* Build configuration list for PBXNativeTarget "WeatherAroundMe" */ = {
			isa = XCConfigurationList;
			buildConfigurations = (
				E4F944301FB793F500938C5B /* Debug */,
				E4F944311FB793F500938C5B /* Release */,
			);
			defaultConfigurationIsVisible = 0;
			defaultConfigurationName = Release;
		};
		E4F944321FB793F500938C5B /* Build configuration list for PBXNativeTarget "WeatherAroundMeTests" */ = {
			isa = XCConfigurationList;
			buildConfigurations = (
				E4F944331FB793F500938C5B /* Debug */,
				E4F944341FB793F500938C5B /* Release */,
			);
			defaultConfigurationIsVisible = 0;
			defaultConfigurationName = Release;
		};
		E4F944351FB793F500938C5B /* Build configuration list for PBXNativeTarget "WeatherAroundMeUITests" */ = {
			isa = XCConfigurationList;
			buildConfigurations = (
				E4F944361FB793F500938C5B /* Debug */,
				E4F944371FB793F500938C5B /* Release */,
			);
			defaultConfigurationIsVisible = 0;
			defaultConfigurationName = Release;
		};
/* End XCConfigurationList section */
	};
	rootObject = E4F943FF1FB793F400938C5B /* Project object */;
}
